
Microsoft Visual Studio Solution File, Format Version 12.00
# Visual Studio Version 17
VisualStudioVersion = 17.13.35919.96 d17.13
MinimumVisualStudioVersion = 10.0.40219.1
Project("{FAE04EC0-301F-11D3-BF4B-00C04F79EFBC}") = "StokTakipApp.DataAccessLayer", "StokTakipApp.DataAccessLayer\StokTakipApp.DataAccessLayer.csproj", "{83D05D79-3053-4092-8426-727A9650D99B}"
EndProject
Project("{FAE04EC0-301F-11D3-BF4B-00C04F79EFBC}") = "StokTakipApp.EntityLayer", "StokTakipApp.EntityLayer\StokTakipApp.EntityLayer.csproj", "{9D973633-0BEF-4C84-8DAB-18E24A30A9D2}"
EndProject
Project("{FAE04EC0-301F-11D3-BF4B-00C04F79EFBC}") = "StokTakipApp.BusinessLayer", "StokTakipApp.BusinessLayer\StokTakipApp.BusinessLayer.csproj", "{E78C760D-9122-494B-87A8-D14FA5FC1A6A}"
EndProject
Project("{FAE04EC0-301F-11D3-BF4B-00C04F79EFBC}") = "StokTakipApp.PresentationLayer", "StokTakipApp.PresentationLayer\StokTakipApp.PresentationLayer.csproj", "{F2941B26-BC26-470F-9B3E-6A44CBB5CC1C}"
EndProject
Global
	GlobalSection(SolutionConfigurationPlatforms) = preSolution
		Debug|Any CPU = Debug|Any CPU
		Release|Any CPU = Release|Any CPU
	EndGlobalSection
	GlobalSection(ProjectConfigurationPlatforms) = postSolution
		{83D05D79-3053-4092-8426-727A9650D99B}.Debug|Any CPU.ActiveCfg = Debug|Any CPU
		{83D05D79-3053-4092-8426-727A9650D99B}.Debug|Any CPU.Build.0 = Debug|Any CPU
		{83D05D79-3053-4092-8426-727A9650D99B}.Release|Any CPU.ActiveCfg = Release|Any CPU
		{83D05D79-3053-4092-8426-727A9650D99B}.Release|Any CPU.Build.0 = Release|Any CPU
		{9D973633-0BEF-4C84-8DAB-18E24A30A9D2}.Debug|Any CPU.ActiveCfg = Debug|Any CPU
		{9D973633-0BEF-4C84-8DAB-18E24A30A9D2}.Debug|Any CPU.Build.0 = Debug|Any CPU
		{9D973633-0BEF-4C84-8DAB-18E24A30A9D2}.Release|Any CPU.ActiveCfg = Release|Any CPU
		{9D973633-0BEF-4C84-8DAB-18E24A30A9D2}.Release|Any CPU.Build.0 = Release|Any CPU
		{E78C760D-9122-494B-87A8-D14FA5FC1A6A}.Debug|Any CPU.ActiveCfg = Debug|Any CPU
		{E78C760D-9122-494B-87A8-D14FA5FC1A6A}.Debug|Any CPU.Build.0 = Debug|Any CPU
		{E78C760D-9122-494B-87A8-D14FA5FC1A6A}.Release|Any CPU.ActiveCfg = Release|Any CPU
		{E78C760D-9122-494B-87A8-D14FA5FC1A6A}.Release|Any CPU.Build.0 = Release|Any CPU
		{F2941B26-BC26-470F-9B3E-6A44CBB5CC1C}.Debug|Any CPU.ActiveCfg = Debug|Any CPU
		{F2941B26-BC26-470F-9B3E-6A44CBB5CC1C}.Debug|Any CPU.Build.0 = Debug|Any CPU
		{F2941B26-BC26-470F-9B3E-6A44CBB5CC1C}.Release|Any CPU.ActiveCfg = Release|Any CPU
		{F2941B26-BC26-470F-9B3E-6A44CBB5CC1C}.Release|Any CPU.Build.0 = Release|Any CPU
	EndGlobalSection
	GlobalSection(SolutionProperties) = preSolution
		HideSolutionNode = FALSE
	EndGlobalSection
	GlobalSection(ExtensibilityGlobals) = postSolution
		SolutionGuid = {136EBE8F-04D1-44A5-93AE-599903F22DD2}
	EndGlobalSection
EndGlobal
